// !$*UTF8*$!
{
	archiveVersion = 1;
	classes = {
	};
	objectVersion = 56;
	objects = {

/* Begin PBXBuildFile section */
		89B318FB2AF39DA70044E26E /* ImageCache.swift in Sources */ = {isa = PBXBuildFile; fileRef = 89B318E22AF39DA70044E26E /* ImageCache.swift */; };
		89B318FC2AF39DA70044E26E /* APIImageResponse.swift in Sources */ = {isa = PBXBuildFile; fileRef = 89B318E52AF39DA70044E26E /* APIImageResponse.swift */; };
		89B318FD2AF39DA70044E26E /* APIUserResponse.swift in Sources */ = {isa = PBXBuildFile; fileRef = 89B318E62AF39DA70044E26E /* APIUserResponse.swift */; };
		89B318FE2AF39DA70044E26E /* APIImageUrlsResponse.swift in Sources */ = {isa = PBXBuildFile; fileRef = 89B318E72AF39DA70044E26E /* APIImageUrlsResponse.swift */; };
		89B318FF2AF39DA70044E26E /* APIProfileImageResponse.swift in Sources */ = {isa = PBXBuildFile; fileRef = 89B318E82AF39DA70044E26E /* APIProfileImageResponse.swift */; };
		89B319002AF39DA70044E26E /* NetworkService.swift in Sources */ = {isa = PBXBuildFile; fileRef = 89B318EA2AF39DA70044E26E /* NetworkService.swift */; };
		89B319012AF39DA70044E26E /* APITarget.swift in Sources */ = {isa = PBXBuildFile; fileRef = 89B318EB2AF39DA70044E26E /* APITarget.swift */; };
		89B319022AF39DA70044E26E /* CustomError.swift in Sources */ = {isa = PBXBuildFile; fileRef = 89B318EC2AF39DA70044E26E /* CustomError.swift */; };
		89B319032AF39DA70044E26E /* LoadPageRequest.swift in Sources */ = {isa = PBXBuildFile; fileRef = 89B318EE2AF39DA70044E26E /* LoadPageRequest.swift */; };
		89B319042AF39DA70044E26E /* DomainImageUrlsResponse.swift in Sources */ = {isa = PBXBuildFile; fileRef = 89B318F02AF39DA70044E26E /* DomainImageUrlsResponse.swift */; };
		89B319052AF39DA70044E26E /* DomainProfileImageResponse.swift in Sources */ = {isa = PBXBuildFile; fileRef = 89B318F12AF39DA70044E26E /* DomainProfileImageResponse.swift */; };
		89B319062AF39DA70044E26E /* DomainImageResponse.swift in Sources */ = {isa = PBXBuildFile; fileRef = 89B318F22AF39DA70044E26E /* DomainImageResponse.swift */; };
		89B319072AF39DA70044E26E /* DomainFullImageInfo.swift in Sources */ = {isa = PBXBuildFile; fileRef = 89B318F32AF39DA70044E26E /* DomainFullImageInfo.swift */; };
		89B319082AF39DA70044E26E /* DomainUserResponse.swift in Sources */ = {isa = PBXBuildFile; fileRef = 89B318F42AF39DA70044E26E /* DomainUserResponse.swift */; };
		89B319092AF39DA70044E26E /* Constants.swift in Sources */ = {isa = PBXBuildFile; fileRef = 89B318F62AF39DA70044E26E /* Constants.swift */; };
		89B3190A2AF39DA70044E26E /* ImageCellView.swift in Sources */ = {isa = PBXBuildFile; fileRef = 89B318F92AF39DA70044E26E /* ImageCellView.swift */; };
		89B3190B2AF39DA70044E26E /* ImageCellViewModel.swift in Sources */ = {isa = PBXBuildFile; fileRef = 89B318FA2AF39DA70044E26E /* ImageCellViewModel.swift */; };
		89B319112AF3A68D0044E26E /* ImageDetailViewModel.swift in Sources */ = {isa = PBXBuildFile; fileRef = 89B3190E2AF3A68D0044E26E /* ImageDetailViewModel.swift */; };
		89B319122AF3A68D0044E26E /* ImageDetailView.swift in Sources */ = {isa = PBXBuildFile; fileRef = 89B319102AF3A68D0044E26E /* ImageDetailView.swift */; };
		89B319222AF3D8990044E26E /* MainScreenReducer.swift in Sources */ = {isa = PBXBuildFile; fileRef = 89B319212AF3D8990044E26E /* MainScreenReducer.swift */; };
		89B319252AF3D8ED0044E26E /* GridItem.swift in Sources */ = {isa = PBXBuildFile; fileRef = 89B319242AF3D8ED0044E26E /* GridItem.swift */; };
		89B319272AF3D9090044E26E /* Column.swift in Sources */ = {isa = PBXBuildFile; fileRef = 89B319262AF3D9090044E26E /* Column.swift */; };
		89CEF4852AF3869F00C38266 /* UnsplashTCAApp.swift in Sources */ = {isa = PBXBuildFile; fileRef = 89CEF4842AF3869F00C38266 /* UnsplashTCAApp.swift */; };
		89CEF4872AF3869F00C38266 /* MainScreenView.swift in Sources */ = {isa = PBXBuildFile; fileRef = 89CEF4862AF3869F00C38266 /* MainScreenView.swift */; };
		89CEF4892AF386A100C38266 /* Assets.xcassets in Resources */ = {isa = PBXBuildFile; fileRef = 89CEF4882AF386A100C38266 /* Assets.xcassets */; };
		89CEF48C2AF386A100C38266 /* Preview Assets.xcassets in Resources */ = {isa = PBXBuildFile; fileRef = 89CEF48B2AF386A100C38266 /* Preview Assets.xcassets */; };
		89CEF4962AF386A100C38266 /* UnsplashTCATests.swift in Sources */ = {isa = PBXBuildFile; fileRef = 89CEF4952AF386A100C38266 /* UnsplashTCATests.swift */; };
		89CEF4A02AF386A100C38266 /* UnsplashTCAUITests.swift in Sources */ = {isa = PBXBuildFile; fileRef = 89CEF49F2AF386A100C38266 /* UnsplashTCAUITests.swift */; };
		89CEF4A22AF386A100C38266 /* UnsplashTCAUITestsLaunchTests.swift in Sources */ = {isa = PBXBuildFile; fileRef = 89CEF4A12AF386A100C38266 /* UnsplashTCAUITestsLaunchTests.swift */; };
		89CEF4B02AF3931B00C38266 /* ComposableArchitecture in Frameworks */ = {isa = PBXBuildFile; productRef = 89CEF4AF2AF3931B00C38266 /* ComposableArchitecture */; };
/* End PBXBuildFile section */

/* Begin PBXContainerItemProxy section */
		89CEF4922AF386A100C38266 /* PBXContainerItemProxy */ = {
			isa = PBXContainerItemProxy;
			containerPortal = 89CEF4792AF3869F00C38266 /* Project object */;
			proxyType = 1;
			remoteGlobalIDString = 89CEF4802AF3869F00C38266;
			remoteInfo = UnsplashTCA;
		};
		89CEF49C2AF386A100C38266 /* PBXContainerItemProxy */ = {
			isa = PBXContainerItemProxy;
			containerPortal = 89CEF4792AF3869F00C38266 /* Project object */;
			proxyType = 1;
			remoteGlobalIDString = 89CEF4802AF3869F00C38266;
			remoteInfo = UnsplashTCA;
		};
/* End PBXContainerItemProxy section */

/* Begin PBXFileReference section */
		89B318E22AF39DA70044E26E /* ImageCache.swift */ = {isa = PBXFileReference; fileEncoding = 4; lastKnownFileType = sourcecode.swift; path = ImageCache.swift; sourceTree = "<group>"; };
		89B318E52AF39DA70044E26E /* APIImageResponse.swift */ = {isa = PBXFileReference; fileEncoding = 4; lastKnownFileType = sourcecode.swift; path = APIImageResponse.swift; sourceTree = "<group>"; };
		89B318E62AF39DA70044E26E /* APIUserResponse.swift */ = {isa = PBXFileReference; fileEncoding = 4; lastKnownFileType = sourcecode.swift; path = APIUserResponse.swift; sourceTree = "<group>"; };
		89B318E72AF39DA70044E26E /* APIImageUrlsResponse.swift */ = {isa = PBXFileReference; fileEncoding = 4; lastKnownFileType = sourcecode.swift; path = APIImageUrlsResponse.swift; sourceTree = "<group>"; };
		89B318E82AF39DA70044E26E /* APIProfileImageResponse.swift */ = {isa = PBXFileReference; fileEncoding = 4; lastKnownFileType = sourcecode.swift; path = APIProfileImageResponse.swift; sourceTree = "<group>"; };
		89B318EA2AF39DA70044E26E /* NetworkService.swift */ = {isa = PBXFileReference; fileEncoding = 4; lastKnownFileType = sourcecode.swift; path = NetworkService.swift; sourceTree = "<group>"; };
		89B318EB2AF39DA70044E26E /* APITarget.swift */ = {isa = PBXFileReference; fileEncoding = 4; lastKnownFileType = sourcecode.swift; path = APITarget.swift; sourceTree = "<group>"; };
		89B318EC2AF39DA70044E26E /* CustomError.swift */ = {isa = PBXFileReference; fileEncoding = 4; lastKnownFileType = sourcecode.swift; path = CustomError.swift; sourceTree = "<group>"; };
		89B318EE2AF39DA70044E26E /* LoadPageRequest.swift */ = {isa = PBXFileReference; fileEncoding = 4; lastKnownFileType = sourcecode.swift; path = LoadPageRequest.swift; sourceTree = "<group>"; };
		89B318F02AF39DA70044E26E /* DomainImageUrlsResponse.swift */ = {isa = PBXFileReference; fileEncoding = 4; lastKnownFileType = sourcecode.swift; path = DomainImageUrlsResponse.swift; sourceTree = "<group>"; };
		89B318F12AF39DA70044E26E /* DomainProfileImageResponse.swift */ = {isa = PBXFileReference; fileEncoding = 4; lastKnownFileType = sourcecode.swift; path = DomainProfileImageResponse.swift; sourceTree = "<group>"; };
		89B318F22AF39DA70044E26E /* DomainImageResponse.swift */ = {isa = PBXFileReference; fileEncoding = 4; lastKnownFileType = sourcecode.swift; path = DomainImageResponse.swift; sourceTree = "<group>"; };
		89B318F32AF39DA70044E26E /* DomainFullImageInfo.swift */ = {isa = PBXFileReference; fileEncoding = 4; lastKnownFileType = sourcecode.swift; path = DomainFullImageInfo.swift; sourceTree = "<group>"; };
		89B318F42AF39DA70044E26E /* DomainUserResponse.swift */ = {isa = PBXFileReference; fileEncoding = 4; lastKnownFileType = sourcecode.swift; path = DomainUserResponse.swift; sourceTree = "<group>"; };
		89B318F62AF39DA70044E26E /* Constants.swift */ = {isa = PBXFileReference; fileEncoding = 4; lastKnownFileType = sourcecode.swift; path = Constants.swift; sourceTree = "<group>"; };
		89B318F92AF39DA70044E26E /* ImageCellView.swift */ = {isa = PBXFileReference; fileEncoding = 4; lastKnownFileType = sourcecode.swift; path = ImageCellView.swift; sourceTree = "<group>"; };
		89B318FA2AF39DA70044E26E /* ImageCellViewModel.swift */ = {isa = PBXFileReference; fileEncoding = 4; lastKnownFileType = sourcecode.swift; path = ImageCellViewModel.swift; sourceTree = "<group>"; };
		89B3190E2AF3A68D0044E26E /* ImageDetailViewModel.swift */ = {isa = PBXFileReference; fileEncoding = 4; lastKnownFileType = sourcecode.swift; path = ImageDetailViewModel.swift; sourceTree = "<group>"; };
		89B319102AF3A68D0044E26E /* ImageDetailView.swift */ = {isa = PBXFileReference; fileEncoding = 4; lastKnownFileType = sourcecode.swift; path = ImageDetailView.swift; sourceTree = "<group>"; };
		89B319212AF3D8990044E26E /* MainScreenReducer.swift */ = {isa = PBXFileReference; lastKnownFileType = sourcecode.swift; path = MainScreenReducer.swift; sourceTree = "<group>"; };
		89B319242AF3D8ED0044E26E /* GridItem.swift */ = {isa = PBXFileReference; lastKnownFileType = sourcecode.swift; path = GridItem.swift; sourceTree = "<group>"; };
		89B319262AF3D9090044E26E /* Column.swift */ = {isa = PBXFileReference; lastKnownFileType = sourcecode.swift; path = Column.swift; sourceTree = "<group>"; };
		89CEF4812AF3869F00C38266 /* UnsplashTCA.app */ = {isa = PBXFileReference; explicitFileType = wrapper.application; includeInIndex = 0; path = UnsplashTCA.app; sourceTree = BUILT_PRODUCTS_DIR; };
		89CEF4842AF3869F00C38266 /* UnsplashTCAApp.swift */ = {isa = PBXFileReference; lastKnownFileType = sourcecode.swift; path = UnsplashTCAApp.swift; sourceTree = "<group>"; };
		89CEF4862AF3869F00C38266 /* MainScreenView.swift */ = {isa = PBXFileReference; lastKnownFileType = sourcecode.swift; path = MainScreenView.swift; sourceTree = "<group>"; };
		89CEF4882AF386A100C38266 /* Assets.xcassets */ = {isa = PBXFileReference; lastKnownFileType = folder.assetcatalog; path = Assets.xcassets; sourceTree = "<group>"; };
		89CEF48B2AF386A100C38266 /* Preview Assets.xcassets */ = {isa = PBXFileReference; lastKnownFileType = folder.assetcatalog; path = "Preview Assets.xcassets"; sourceTree = "<group>"; };
		89CEF4912AF386A100C38266 /* UnsplashTCATests.xctest */ = {isa = PBXFileReference; explicitFileType = wrapper.cfbundle; includeInIndex = 0; path = UnsplashTCATests.xctest; sourceTree = BUILT_PRODUCTS_DIR; };
		89CEF4952AF386A100C38266 /* UnsplashTCATests.swift */ = {isa = PBXFileReference; lastKnownFileType = sourcecode.swift; path = UnsplashTCATests.swift; sourceTree = "<group>"; };
		89CEF49B2AF386A100C38266 /* UnsplashTCAUITests.xctest */ = {isa = PBXFileReference; explicitFileType = wrapper.cfbundle; includeInIndex = 0; path = UnsplashTCAUITests.xctest; sourceTree = BUILT_PRODUCTS_DIR; };
		89CEF49F2AF386A100C38266 /* UnsplashTCAUITests.swift */ = {isa = PBXFileReference; lastKnownFileType = sourcecode.swift; path = UnsplashTCAUITests.swift; sourceTree = "<group>"; };
		89CEF4A12AF386A100C38266 /* UnsplashTCAUITestsLaunchTests.swift */ = {isa = PBXFileReference; lastKnownFileType = sourcecode.swift; path = UnsplashTCAUITestsLaunchTests.swift; sourceTree = "<group>"; };
/* End PBXFileReference section */

/* Begin PBXFrameworksBuildPhase section */
		89CEF47E2AF3869F00C38266 /* Frameworks */ = {
			isa = PBXFrameworksBuildPhase;
			buildActionMask = 2147483647;
			files = (
				89CEF4B02AF3931B00C38266 /* ComposableArchitecture in Frameworks */,
			);
			runOnlyForDeploymentPostprocessing = 0;
		};
		89CEF48E2AF386A100C38266 /* Frameworks */ = {
			isa = PBXFrameworksBuildPhase;
			buildActionMask = 2147483647;
			files = (
			);
			runOnlyForDeploymentPostprocessing = 0;
		};
		89CEF4982AF386A100C38266 /* Frameworks */ = {
			isa = PBXFrameworksBuildPhase;
			buildActionMask = 2147483647;
			files = (
			);
			runOnlyForDeploymentPostprocessing = 0;
		};
/* End PBXFrameworksBuildPhase section */

/* Begin PBXGroup section */
		89B318E02AF39DA70044E26E /* Services */ = {
			isa = PBXGroup;
			children = (
				89B318E12AF39DA70044E26E /* ImageCashe */,
				89B318E32AF39DA70044E26E /* APIService */,
			);
			path = Services;
			sourceTree = "<group>";
		};
		89B318E12AF39DA70044E26E /* ImageCashe */ = {
			isa = PBXGroup;
			children = (
				89B318E22AF39DA70044E26E /* ImageCache.swift */,
			);
			path = ImageCashe;
			sourceTree = "<group>";
		};
		89B318E32AF39DA70044E26E /* APIService */ = {
			isa = PBXGroup;
			children = (
				89B318E42AF39DA70044E26E /* Models */,
				89B318E92AF39DA70044E26E /* NetworkService */,
				89B318ED2AF39DA70044E26E /* Requests */,
			);
			path = APIService;
			sourceTree = "<group>";
		};
		89B318E42AF39DA70044E26E /* Models */ = {
			isa = PBXGroup;
			children = (
				89B318E52AF39DA70044E26E /* APIImageResponse.swift */,
				89B318E62AF39DA70044E26E /* APIUserResponse.swift */,
				89B318E72AF39DA70044E26E /* APIImageUrlsResponse.swift */,
				89B318E82AF39DA70044E26E /* APIProfileImageResponse.swift */,
			);
			path = Models;
			sourceTree = "<group>";
		};
		89B318E92AF39DA70044E26E /* NetworkService */ = {
			isa = PBXGroup;
			children = (
				89B318EA2AF39DA70044E26E /* NetworkService.swift */,
				89B318EB2AF39DA70044E26E /* APITarget.swift */,
				89B318EC2AF39DA70044E26E /* CustomError.swift */,
			);
			path = NetworkService;
			sourceTree = "<group>";
		};
		89B318ED2AF39DA70044E26E /* Requests */ = {
			isa = PBXGroup;
			children = (
				89B318EE2AF39DA70044E26E /* LoadPageRequest.swift */,
			);
			path = Requests;
			sourceTree = "<group>";
		};
		89B318EF2AF39DA70044E26E /* Domain */ = {
			isa = PBXGroup;
			children = (
				89B318F02AF39DA70044E26E /* DomainImageUrlsResponse.swift */,
				89B318F12AF39DA70044E26E /* DomainProfileImageResponse.swift */,
				89B318F22AF39DA70044E26E /* DomainImageResponse.swift */,
				89B318F32AF39DA70044E26E /* DomainFullImageInfo.swift */,
				89B318F42AF39DA70044E26E /* DomainUserResponse.swift */,
			);
			path = Domain;
			sourceTree = "<group>";
		};
		89B318F52AF39DA70044E26E /* Constants */ = {
			isa = PBXGroup;
			children = (
				89B318F62AF39DA70044E26E /* Constants.swift */,
			);
			path = Constants;
			sourceTree = "<group>";
		};
		89B318F72AF39DA70044E26E /* Components */ = {
			isa = PBXGroup;
			children = (
				89B318F82AF39DA70044E26E /* ImageCell */,
			);
			path = Components;
			sourceTree = "<group>";
		};
		89B318F82AF39DA70044E26E /* ImageCell */ = {
			isa = PBXGroup;
			children = (
				89B318F92AF39DA70044E26E /* ImageCellView.swift */,
				89B318FA2AF39DA70044E26E /* ImageCellViewModel.swift */,
			);
			path = ImageCell;
			sourceTree = "<group>";
		};
		89B3190C2AF3A68D0044E26E /* ImageDetail */ = {
			isa = PBXGroup;
			children = (
				89B3190D2AF3A68D0044E26E /* ViewModel */,
				89B3190F2AF3A68D0044E26E /* View */,
			);
			path = ImageDetail;
			sourceTree = "<group>";
		};
		89B3190D2AF3A68D0044E26E /* ViewModel */ = {
			isa = PBXGroup;
			children = (
				89B3190E2AF3A68D0044E26E /* ImageDetailViewModel.swift */,
			);
			path = ViewModel;
			sourceTree = "<group>";
		};
		89B3190F2AF3A68D0044E26E /* View */ = {
			isa = PBXGroup;
			children = (
				89B319102AF3A68D0044E26E /* ImageDetailView.swift */,
			);
			path = View;
			sourceTree = "<group>";
		};
		89B3191F2AF3D8810044E26E /* View */ = {
			isa = PBXGroup;
			children = (
				89CEF4862AF3869F00C38266 /* MainScreenView.swift */,
			);
			path = View;
			sourceTree = "<group>";
		};
		89B319202AF3D8890044E26E /* Reducer */ = {
			isa = PBXGroup;
			children = (
				89B319212AF3D8990044E26E /* MainScreenReducer.swift */,
			);
			path = Reducer;
			sourceTree = "<group>";
		};
		89B319232AF3D8DB0044E26E /* Entities */ = {
			isa = PBXGroup;
			children = (
				89B319242AF3D8ED0044E26E /* GridItem.swift */,
				89B319262AF3D9090044E26E /* Column.swift */,
			);
			path = Entities;
			sourceTree = "<group>";
		};
		89CEF4782AF3869F00C38266 = {
			isa = PBXGroup;
			children = (
				89CEF4832AF3869F00C38266 /* UnsplashTCA */,
				89CEF4942AF386A100C38266 /* UnsplashTCATests */,
				89CEF49E2AF386A100C38266 /* UnsplashTCAUITests */,
				89CEF4822AF3869F00C38266 /* Products */,
			);
			sourceTree = "<group>";
		};
		89CEF4822AF3869F00C38266 /* Products */ = {
			isa = PBXGroup;
			children = (
				89CEF4812AF3869F00C38266 /* UnsplashTCA.app */,
				89CEF4912AF386A100C38266 /* UnsplashTCATests.xctest */,
				89CEF49B2AF386A100C38266 /* UnsplashTCAUITests.xctest */,
			);
			name = Products;
			sourceTree = "<group>";
		};
		89CEF4832AF3869F00C38266 /* UnsplashTCA */ = {
			isa = PBXGroup;
			children = (
				89B318F72AF39DA70044E26E /* Components */,
				89B318F52AF39DA70044E26E /* Constants */,
				89B318EF2AF39DA70044E26E /* Domain */,
				89B318E02AF39DA70044E26E /* Services */,
				89CEF4842AF3869F00C38266 /* UnsplashTCAApp.swift */,
				89CEF4B12AF3960700C38266 /* Flows */,
				89CEF4882AF386A100C38266 /* Assets.xcassets */,
				89CEF48A2AF386A100C38266 /* Preview Content */,
			);
			path = UnsplashTCA;
			sourceTree = "<group>";
		};
		89CEF48A2AF386A100C38266 /* Preview Content */ = {
			isa = PBXGroup;
			children = (
				89CEF48B2AF386A100C38266 /* Preview Assets.xcassets */,
			);
			path = "Preview Content";
			sourceTree = "<group>";
		};
		89CEF4942AF386A100C38266 /* UnsplashTCATests */ = {
			isa = PBXGroup;
			children = (
				89CEF4952AF386A100C38266 /* UnsplashTCATests.swift */,
			);
			path = UnsplashTCATests;
			sourceTree = "<group>";
		};
		89CEF49E2AF386A100C38266 /* UnsplashTCAUITests */ = {
			isa = PBXGroup;
			children = (
				89CEF49F2AF386A100C38266 /* UnsplashTCAUITests.swift */,
				89CEF4A12AF386A100C38266 /* UnsplashTCAUITestsLaunchTests.swift */,
			);
			path = UnsplashTCAUITests;
			sourceTree = "<group>";
		};
		89CEF4B12AF3960700C38266 /* Flows */ = {
			isa = PBXGroup;
			children = (
				89B3190C2AF3A68D0044E26E /* ImageDetail */,
				89CEF4B22AF3961E00C38266 /* MainScreen */,
			);
			path = Flows;
			sourceTree = "<group>";
		};
		89CEF4B22AF3961E00C38266 /* MainScreen */ = {
			isa = PBXGroup;
			children = (
				89B3191F2AF3D8810044E26E /* View */,
				89B319202AF3D8890044E26E /* Reducer */,
				89B319232AF3D8DB0044E26E /* Entities */,
			);
			path = MainScreen;
			sourceTree = "<group>";
		};
/* End PBXGroup section */

/* Begin PBXNativeTarget section */
		89CEF4802AF3869F00C38266 /* UnsplashTCA */ = {
			isa = PBXNativeTarget;
			buildConfigurationList = 89CEF4A52AF386A100C38266 /* Build configuration list for PBXNativeTarget "UnsplashTCA" */;
			buildPhases = (
				89CEF47D2AF3869F00C38266 /* Sources */,
				89CEF47E2AF3869F00C38266 /* Frameworks */,
				89CEF47F2AF3869F00C38266 /* Resources */,
			);
			buildRules = (
			);
			dependencies = (
			);
			name = UnsplashTCA;
			packageProductDependencies = (
				89CEF4AF2AF3931B00C38266 /* ComposableArchitecture */,
			);
			productName = UnsplashTCA;
			productReference = 89CEF4812AF3869F00C38266 /* UnsplashTCA.app */;
			productType = "com.apple.product-type.application";
		};
		89CEF4902AF386A100C38266 /* UnsplashTCATests */ = {
			isa = PBXNativeTarget;
			buildConfigurationList = 89CEF4A82AF386A100C38266 /* Build configuration list for PBXNativeTarget "UnsplashTCATests" */;
			buildPhases = (
				89CEF48D2AF386A100C38266 /* Sources */,
				89CEF48E2AF386A100C38266 /* Frameworks */,
				89CEF48F2AF386A100C38266 /* Resources */,
			);
			buildRules = (
			);
			dependencies = (
				89CEF4932AF386A100C38266 /* PBXTargetDependency */,
			);
			name = UnsplashTCATests;
			productName = UnsplashTCATests;
			productReference = 89CEF4912AF386A100C38266 /* UnsplashTCATests.xctest */;
			productType = "com.apple.product-type.bundle.unit-test";
		};
		89CEF49A2AF386A100C38266 /* UnsplashTCAUITests */ = {
			isa = PBXNativeTarget;
			buildConfigurationList = 89CEF4AB2AF386A100C38266 /* Build configuration list for PBXNativeTarget "UnsplashTCAUITests" */;
			buildPhases = (
				89CEF4972AF386A100C38266 /* Sources */,
				89CEF4982AF386A100C38266 /* Frameworks */,
				89CEF4992AF386A100C38266 /* Resources */,
			);
			buildRules = (
			);
			dependencies = (
				89CEF49D2AF386A100C38266 /* PBXTargetDependency */,
			);
			name = UnsplashTCAUITests;
			productName = UnsplashTCAUITests;
			productReference = 89CEF49B2AF386A100C38266 /* UnsplashTCAUITests.xctest */;
			productType = "com.apple.product-type.bundle.ui-testing";
		};
/* End PBXNativeTarget section */

/* Begin PBXProject section */
		89CEF4792AF3869F00C38266 /* Project object */ = {
			isa = PBXProject;
			attributes = {
				BuildIndependentTargetsInParallel = 1;
				LastSwiftUpdateCheck = 1500;
				LastUpgradeCheck = 1500;
				TargetAttributes = {
					89CEF4802AF3869F00C38266 = {
						CreatedOnToolsVersion = 15.0;
					};
					89CEF4902AF386A100C38266 = {
						CreatedOnToolsVersion = 15.0;
						TestTargetID = 89CEF4802AF3869F00C38266;
					};
					89CEF49A2AF386A100C38266 = {
						CreatedOnToolsVersion = 15.0;
						TestTargetID = 89CEF4802AF3869F00C38266;
					};
				};
			};
			buildConfigurationList = 89CEF47C2AF3869F00C38266 /* Build configuration list for PBXProject "UnsplashTCA" */;
			compatibilityVersion = "Xcode 14.0";
			developmentRegion = en;
			hasScannedForEncodings = 0;
			knownRegions = (
				en,
				Base,
			);
			mainGroup = 89CEF4782AF3869F00C38266;
			packageReferences = (
				89CEF4AE2AF3931B00C38266 /* XCRemoteSwiftPackageReference "swift-composable-architecture" */,
			);
			productRefGroup = 89CEF4822AF3869F00C38266 /* Products */;
			projectDirPath = "";
			projectRoot = "";
			targets = (
				89CEF4802AF3869F00C38266 /* UnsplashTCA */,
				89CEF4902AF386A100C38266 /* UnsplashTCATests */,
				89CEF49A2AF386A100C38266 /* UnsplashTCAUITests */,
			);
		};
/* End PBXProject section */

/* Begin PBXResourcesBuildPhase section */
		89CEF47F2AF3869F00C38266 /* Resources */ = {
			isa = PBXResourcesBuildPhase;
			buildActionMask = 2147483647;
			files = (
				89CEF48C2AF386A100C38266 /* Preview Assets.xcassets in Resources */,
				89CEF4892AF386A100C38266 /* Assets.xcassets in Resources */,
			);
			runOnlyForDeploymentPostprocessing = 0;
		};
		89CEF48F2AF386A100C38266 /* Resources */ = {
			isa = PBXResourcesBuildPhase;
			buildActionMask = 2147483647;
			files = (
			);
			runOnlyForDeploymentPostprocessing = 0;
		};
		89CEF4992AF386A100C38266 /* Resources */ = {
			isa = PBXResourcesBuildPhase;
			buildActionMask = 2147483647;
			files = (
			);
			runOnlyForDeploymentPostprocessing = 0;
		};
/* End PBXResourcesBuildPhase section */

/* Begin PBXSourcesBuildPhase section */
		89CEF47D2AF3869F00C38266 /* Sources */ = {
			isa = PBXSourcesBuildPhase;
			buildActionMask = 2147483647;
			files = (
				89B318FD2AF39DA70044E26E /* APIUserResponse.swift in Sources */,
				89B319092AF39DA70044E26E /* Constants.swift in Sources */,
				89B318FE2AF39DA70044E26E /* APIImageUrlsResponse.swift in Sources */,
				89B319062AF39DA70044E26E /* DomainImageResponse.swift in Sources */,
				89B319252AF3D8ED0044E26E /* GridItem.swift in Sources */,
				89B319272AF3D9090044E26E /* Column.swift in Sources */,
				89B319002AF39DA70044E26E /* NetworkService.swift in Sources */,
				89B318FB2AF39DA70044E26E /* ImageCache.swift in Sources */,
				89B3190A2AF39DA70044E26E /* ImageCellView.swift in Sources */,
				89B3190B2AF39DA70044E26E /* ImageCellViewModel.swift in Sources */,
				89B319122AF3A68D0044E26E /* ImageDetailView.swift in Sources */,
				89B319032AF39DA70044E26E /* LoadPageRequest.swift in Sources */,
				89B318FC2AF39DA70044E26E /* APIImageResponse.swift in Sources */,
				89B319022AF39DA70044E26E /* CustomError.swift in Sources */,
				89B319052AF39DA70044E26E /* DomainProfileImageResponse.swift in Sources */,
				89B319082AF39DA70044E26E /* DomainUserResponse.swift in Sources */,
				89B319072AF39DA70044E26E /* DomainFullImageInfo.swift in Sources */,
				89B319222AF3D8990044E26E /* MainScreenReducer.swift in Sources */,
				89B319012AF39DA70044E26E /* APITarget.swift in Sources */,
				89B319112AF3A68D0044E26E /* ImageDetailViewModel.swift in Sources */,
				89B319042AF39DA70044E26E /* DomainImageUrlsResponse.swift in Sources */,
				89B318FF2AF39DA70044E26E /* APIProfileImageResponse.swift in Sources */,
				89CEF4872AF3869F00C38266 /* MainScreenView.swift in Sources */,
				89CEF4852AF3869F00C38266 /* UnsplashTCAApp.swift in Sources */,
			);
			runOnlyForDeploymentPostprocessing = 0;
		};
		89CEF48D2AF386A100C38266 /* Sources */ = {
			isa = PBXSourcesBuildPhase;
			buildActionMask = 2147483647;
			files = (
				89CEF4962AF386A100C38266 /* UnsplashTCATests.swift in Sources */,
			);
			runOnlyForDeploymentPostprocessing = 0;
		};
		89CEF4972AF386A100C38266 /* Sources */ = {
			isa = PBXSourcesBuildPhase;
			buildActionMask = 2147483647;
			files = (
				89CEF4A02AF386A100C38266 /* UnsplashTCAUITests.swift in Sources */,
				89CEF4A22AF386A100C38266 /* UnsplashTCAUITestsLaunchTests.swift in Sources */,
			);
			runOnlyForDeploymentPostprocessing = 0;
		};
/* End PBXSourcesBuildPhase section */

/* Begin PBXTargetDependency section */
		89CEF4932AF386A100C38266 /* PBXTargetDependency */ = {
			isa = PBXTargetDependency;
			target = 89CEF4802AF3869F00C38266 /* UnsplashTCA */;
			targetProxy = 89CEF4922AF386A100C38266 /* PBXContainerItemProxy */;
		};
		89CEF49D2AF386A100C38266 /* PBXTargetDependency */ = {
			isa = PBXTargetDependency;
			target = 89CEF4802AF3869F00C38266 /* UnsplashTCA */;
			targetProxy = 89CEF49C2AF386A100C38266 /* PBXContainerItemProxy */;
		};
/* End PBXTargetDependency section */

/* Begin XCBuildConfiguration section */
		89CEF4A32AF386A100C38266 /* Debug */ = {
			isa = XCBuildConfiguration;
			buildSettings = {
				ALWAYS_SEARCH_USER_PATHS = NO;
				ASSETCATALOG_COMPILER_GENERATE_SWIFT_ASSET_SYMBOL_EXTENSIONS = YES;
				CLANG_ANALYZER_NONNULL = YES;
				CLANG_ANALYZER_NUMBER_OBJECT_CONVERSION = YES_AGGRESSIVE;
				CLANG_CXX_LANGUAGE_STANDARD = "gnu++20";
				CLANG_ENABLE_MODULES = YES;
				CLANG_ENABLE_OBJC_ARC = YES;
				CLANG_ENABLE_OBJC_WEAK = YES;
				CLANG_WARN_BLOCK_CAPTURE_AUTORELEASING = YES;
				CLANG_WARN_BOOL_CONVERSION = YES;
				CLANG_WARN_COMMA = YES;
				CLANG_WARN_CONSTANT_CONVERSION = YES;
				CLANG_WARN_DEPRECATED_OBJC_IMPLEMENTATIONS = YES;
				CLANG_WARN_DIRECT_OBJC_ISA_USAGE = YES_ERROR;
				CLANG_WARN_DOCUMENTATION_COMMENTS = YES;
				CLANG_WARN_EMPTY_BODY = YES;
				CLANG_WARN_ENUM_CONVERSION = YES;
				CLANG_WARN_INFINITE_RECURSION = YES;
				CLANG_WARN_INT_CONVERSION = YES;
				CLANG_WARN_NON_LITERAL_NULL_CONVERSION = YES;
				CLANG_WARN_OBJC_IMPLICIT_RETAIN_SELF = YES;
				CLANG_WARN_OBJC_LITERAL_CONVERSION = YES;
				CLANG_WARN_OBJC_ROOT_CLASS = YES_ERROR;
				CLANG_WARN_QUOTED_INCLUDE_IN_FRAMEWORK_HEADER = YES;
				CLANG_WARN_RANGE_LOOP_ANALYSIS = YES;
				CLANG_WARN_STRICT_PROTOTYPES = YES;
				CLANG_WARN_SUSPICIOUS_MOVE = YES;
				CLANG_WARN_UNGUARDED_AVAILABILITY = YES_AGGRESSIVE;
				CLANG_WARN_UNREACHABLE_CODE = YES;
				CLANG_WARN__DUPLICATE_METHOD_MATCH = YES;
				COPY_PHASE_STRIP = NO;
				DEBUG_INFORMATION_FORMAT = dwarf;
				ENABLE_STRICT_OBJC_MSGSEND = YES;
				ENABLE_TESTABILITY = YES;
				ENABLE_USER_SCRIPT_SANDBOXING = YES;
				GCC_C_LANGUAGE_STANDARD = gnu17;
				GCC_DYNAMIC_NO_PIC = NO;
				GCC_NO_COMMON_BLOCKS = YES;
				GCC_OPTIMIZATION_LEVEL = 0;
				GCC_PREPROCESSOR_DEFINITIONS = (
					"DEBUG=1",
					"$(inherited)",
				);
				GCC_WARN_64_TO_32_BIT_CONVERSION = YES;
				GCC_WARN_ABOUT_RETURN_TYPE = YES_ERROR;
				GCC_WARN_UNDECLARED_SELECTOR = YES;
				GCC_WARN_UNINITIALIZED_AUTOS = YES_AGGRESSIVE;
				GCC_WARN_UNUSED_FUNCTION = YES;
				GCC_WARN_UNUSED_VARIABLE = YES;
				IPHONEOS_DEPLOYMENT_TARGET = 17.0;
				LOCALIZATION_PREFERS_STRING_CATALOGS = YES;
				MTL_ENABLE_DEBUG_INFO = INCLUDE_SOURCE;
				MTL_FAST_MATH = YES;
				ONLY_ACTIVE_ARCH = YES;
				SDKROOT = iphoneos;
				SWIFT_ACTIVE_COMPILATION_CONDITIONS = "DEBUG $(inherited)";
				SWIFT_OPTIMIZATION_LEVEL = "-Onone";
			};
			name = Debug;
		};
		89CEF4A42AF386A100C38266 /* Release */ = {
			isa = XCBuildConfiguration;
			buildSettings = {
				ALWAYS_SEARCH_USER_PATHS = NO;
				ASSETCATALOG_COMPILER_GENERATE_SWIFT_ASSET_SYMBOL_EXTENSIONS = YES;
				CLANG_ANALYZER_NONNULL = YES;
				CLANG_ANALYZER_NUMBER_OBJECT_CONVERSION = YES_AGGRESSIVE;
				CLANG_CXX_LANGUAGE_STANDARD = "gnu++20";
				CLANG_ENABLE_MODULES = YES;
				CLANG_ENABLE_OBJC_ARC = YES;
				CLANG_ENABLE_OBJC_WEAK = YES;
				CLANG_WARN_BLOCK_CAPTURE_AUTORELEASING = YES;
				CLANG_WARN_BOOL_CONVERSION = YES;
				CLANG_WARN_COMMA = YES;
				CLANG_WARN_CONSTANT_CONVERSION = YES;
				CLANG_WARN_DEPRECATED_OBJC_IMPLEMENTATIONS = YES;
				CLANG_WARN_DIRECT_OBJC_ISA_USAGE = YES_ERROR;
				CLANG_WARN_DOCUMENTATION_COMMENTS = YES;
				CLANG_WARN_EMPTY_BODY = YES;
				CLANG_WARN_ENUM_CONVERSION = YES;
				CLANG_WARN_INFINITE_RECURSION = YES;
				CLANG_WARN_INT_CONVERSION = YES;
				CLANG_WARN_NON_LITERAL_NULL_CONVERSION = YES;
				CLANG_WARN_OBJC_IMPLICIT_RETAIN_SELF = YES;
				CLANG_WARN_OBJC_LITERAL_CONVERSION = YES;
				CLANG_WARN_OBJC_ROOT_CLASS = YES_ERROR;
				CLANG_WARN_QUOTED_INCLUDE_IN_FRAMEWORK_HEADER = YES;
				CLANG_WARN_RANGE_LOOP_ANALYSIS = YES;
				CLANG_WARN_STRICT_PROTOTYPES = YES;
				CLANG_WARN_SUSPICIOUS_MOVE = YES;
				CLANG_WARN_UNGUARDED_AVAILABILITY = YES_AGGRESSIVE;
				CLANG_WARN_UNREACHABLE_CODE = YES;
				CLANG_WARN__DUPLICATE_METHOD_MATCH = YES;
				COPY_PHASE_STRIP = NO;
				DEBUG_INFORMATION_FORMAT = "dwarf-with-dsym";
				ENABLE_NS_ASSERTIONS = NO;
				ENABLE_STRICT_OBJC_MSGSEND = YES;
				ENABLE_USER_SCRIPT_SANDBOXING = YES;
				GCC_C_LANGUAGE_STANDARD = gnu17;
				GCC_NO_COMMON_BLOCKS = YES;
				GCC_WARN_64_TO_32_BIT_CONVERSION = YES;
				GCC_WARN_ABOUT_RETURN_TYPE = YES_ERROR;
				GCC_WARN_UNDECLARED_SELECTOR = YES;
				GCC_WARN_UNINITIALIZED_AUTOS = YES_AGGRESSIVE;
				GCC_WARN_UNUSED_FUNCTION = YES;
				GCC_WARN_UNUSED_VARIABLE = YES;
				IPHONEOS_DEPLOYMENT_TARGET = 17.0;
				LOCALIZATION_PREFERS_STRING_CATALOGS = YES;
				MTL_ENABLE_DEBUG_INFO = NO;
				MTL_FAST_MATH = YES;
				SDKROOT = iphoneos;
				SWIFT_COMPILATION_MODE = wholemodule;
				VALIDATE_PRODUCT = YES;
			};
			name = Release;
		};
		89CEF4A62AF386A100C38266 /* Debug */ = {
			isa = XCBuildConfiguration;
			buildSettings = {
				ASSETCATALOG_COMPILER_APPICON_NAME = AppIcon;
				ASSETCATALOG_COMPILER_GLOBAL_ACCENT_COLOR_NAME = AccentColor;
				CODE_SIGN_STYLE = Automatic;
				CURRENT_PROJECT_VERSION = 1;
				DEVELOPMENT_ASSET_PATHS = "\"UnsplashTCA/Preview Content\"";
				DEVELOPMENT_TEAM = CA8M7X82UD;
				ENABLE_PREVIEWS = YES;
				GENERATE_INFOPLIST_FILE = YES;
				INFOPLIST_KEY_UIApplicationSceneManifest_Generation = YES;
				INFOPLIST_KEY_UIApplicationSupportsIndirectInputEvents = YES;
				INFOPLIST_KEY_UILaunchScreen_Generation = YES;
				INFOPLIST_KEY_UISupportedInterfaceOrientations = UIInterfaceOrientationPortrait;
				IPHONEOS_DEPLOYMENT_TARGET = 15.0;
				LD_RUNPATH_SEARCH_PATHS = (
					"$(inherited)",
					"@executable_path/Frameworks",
				);
				MARKETING_VERSION = 1.0;
				PRODUCT_BUNDLE_IDENTIFIER = "-1111.UnsplashTCA";
				PRODUCT_NAME = "$(TARGET_NAME)";
				SWIFT_EMIT_LOC_STRINGS = YES;
				SWIFT_VERSION = 5.0;
				TARGETED_DEVICE_FAMILY = "1,2";
			};
			name = Debug;
		};
		89CEF4A72AF386A100C38266 /* Release */ = {
			isa = XCBuildConfiguration;
			buildSettings = {
				ASSETCATALOG_COMPILER_APPICON_NAME = AppIcon;
				ASSETCATALOG_COMPILER_GLOBAL_ACCENT_COLOR_NAME = AccentColor;
				CODE_SIGN_STYLE = Automatic;
				CURRENT_PROJECT_VERSION = 1;
				DEVELOPMENT_ASSET_PATHS = "\"UnsplashTCA/Preview Content\"";
				DEVELOPMENT_TEAM = CA8M7X82UD;
				ENABLE_PREVIEWS = YES;
				GENERATE_INFOPLIST_FILE = YES;
				INFOPLIST_KEY_UIApplicationSceneManifest_Generation = YES;
				INFOPLIST_KEY_UIApplicationSupportsIndirectInputEvents = YES;
				INFOPLIST_KEY_UILaunchScreen_Generation = YES;
				INFOPLIST_KEY_UISupportedInterfaceOrientations = UIInterfaceOrientationPortrait;
				IPHONEOS_DEPLOYMENT_TARGET = 15.0;
				LD_RUNPATH_SEARCH_PATHS = (
					"$(inherited)",
					"@executable_path/Frameworks",
				);
				MARKETING_VERSION = 1.0;
				PRODUCT_BUNDLE_IDENTIFIER = "-1111.UnsplashTCA";
				PRODUCT_NAME = "$(TARGET_NAME)";
				SWIFT_EMIT_LOC_STRINGS = YES;
				SWIFT_VERSION = 5.0;
				TARGETED_DEVICE_FAMILY = "1,2";
			};
			name = Release;
		};
		89CEF4A92AF386A100C38266 /* Debug */ = {
			isa = XCBuildConfiguration;
			buildSettings = {
				ALWAYS_EMBED_SWIFT_STANDARD_LIBRARIES = YES;
				BUNDLE_LOADER = "$(TEST_HOST)";
				CODE_SIGN_STYLE = Automatic;
				CURRENT_PROJECT_VERSION = 1;
				DEVELOPMENT_TEAM = CA8M7X82UD;
				GENERATE_INFOPLIST_FILE = YES;
				IPHONEOS_DEPLOYMENT_TARGET = 15.0;
				MARKETING_VERSION = 1.0;
				PRODUCT_BUNDLE_IDENTIFIER = "-1111.UnsplashTCATests";
				PRODUCT_NAME = "$(TARGET_NAME)";
				SWIFT_EMIT_LOC_STRINGS = NO;
				SWIFT_VERSION = 5.0;
				TARGETED_DEVICE_FAMILY = "1,2";
				TEST_HOST = "$(BUILT_PRODUCTS_DIR)/UnsplashTCA.app/$(BUNDLE_EXECUTABLE_FOLDER_PATH)/UnsplashTCA";
			};
			name = Debug;
		};
		89CEF4AA2AF386A100C38266 /* Release */ = {
			isa = XCBuildConfiguration;
			buildSettings = {
				ALWAYS_EMBED_SWIFT_STANDARD_LIBRARIES = YES;
				BUNDLE_LOADER = "$(TEST_HOST)";
				CODE_SIGN_STYLE = Automatic;
				CURRENT_PROJECT_VERSION = 1;
				DEVELOPMENT_TEAM = CA8M7X82UD;
				GENERATE_INFOPLIST_FILE = YES;
				IPHONEOS_DEPLOYMENT_TARGET = 15.0;
				MARKETING_VERSION = 1.0;
				PRODUCT_BUNDLE_IDENTIFIER = "-1111.UnsplashTCATests";
				PRODUCT_NAME = "$(TARGET_NAME)";
				SWIFT_EMIT_LOC_STRINGS = NO;
				SWIFT_VERSION = 5.0;
				TARGETED_DEVICE_FAMILY = "1,2";
				TEST_HOST = "$(BUILT_PRODUCTS_DIR)/UnsplashTCA.app/$(BUNDLE_EXECUTABLE_FOLDER_PATH)/UnsplashTCA";
			};
			name = Release;
		};
		89CEF4AC2AF386A100C38266 /* Debug */ = {
			isa = XCBuildConfiguration;
			buildSettings = {
				ALWAYS_EMBED_SWIFT_STANDARD_LIBRARIES = YES;
				CODE_SIGN_STYLE = Automatic;
				CURRENT_PROJECT_VERSION = 1;
				DEVELOPMENT_TEAM = CA8M7X82UD;
				GENERATE_INFOPLIST_FILE = YES;
				INFOPLIST_FILE = UnsplashTCAUITests/Info.plist;
				IPHONEOS_DEPLOYMENT_TARGET = 15.0;
				MARKETING_VERSION = 1.0;
				PRODUCT_BUNDLE_IDENTIFIER = "-1111.UnsplashTCAUITests";
				PRODUCT_NAME = "$(TARGET_NAME)";
				SWIFT_EMIT_LOC_STRINGS = NO;
				SWIFT_VERSION = 5.0;
				TARGETED_DEVICE_FAMILY = "1,2";
				TEST_TARGET_NAME = UnsplashTCA;
			};
			name = Debug;
		};
		89CEF4AD2AF386A100C38266 /* Release */ = {
			isa = XCBuildConfiguration;
			buildSettings = {
				ALWAYS_EMBED_SWIFT_STANDARD_LIBRARIES = YES;
				CODE_SIGN_STYLE = Automatic;
				CURRENT_PROJECT_VERSION = 1;
				DEVELOPMENT_TEAM = CA8M7X82UD;
				GENERATE_INFOPLIST_FILE = YES;
				INFOPLIST_FILE = UnsplashTCAUITests/Info.plist;
				IPHONEOS_DEPLOYMENT_TARGET = 15.0;
				MARKETING_VERSION = 1.0;
				PRODUCT_BUNDLE_IDENTIFIER = "-1111.UnsplashTCAUITests";
				PRODUCT_NAME = "$(TARGET_NAME)";
				SWIFT_EMIT_LOC_STRINGS = NO;
				SWIFT_VERSION = 5.0;
				TARGETED_DEVICE_FAMILY = "1,2";
				TEST_TARGET_NAME = UnsplashTCA;
			};
			name = Release;
		};
/* End XCBuildConfiguration section */

/* Begin XCConfigurationList section */
		89CEF47C2AF3869F00C38266 /* Build configuration list for PBXProject "UnsplashTCA" */ = {
			isa = XCConfigurationList;
			buildConfigurations = (
				89CEF4A32AF386A100C38266 /* Debug */,
				89CEF4A42AF386A100C38266 /* Release */,
			);
			defaultConfigurationIsVisible = 0;
			defaultConfigurationName = Release;
		};
		89CEF4A52AF386A100C38266 /* Build configuration list for PBXNativeTarget "UnsplashTCA" */ = {
			isa = XCConfigurationList;
			buildConfigurations = (
				89CEF4A62AF386A100C38266 /* Debug */,
				89CEF4A72AF386A100C38266 /* Release */,
			);
			defaultConfigurationIsVisible = 0;
			defaultConfigurationName = Release;
		};
		89CEF4A82AF386A100C38266 /* Build configuration list for PBXNativeTarget "UnsplashTCATests" */ = {
			isa = XCConfigurationList;
			buildConfigurations = (
				89CEF4A92AF386A100C38266 /* Debug */,
				89CEF4AA2AF386A100C38266 /* Release */,
			);
			defaultConfigurationIsVisible = 0;
			defaultConfigurationName = Release;
		};
		89CEF4AB2AF386A100C38266 /* Build configuration list for PBXNativeTarget "UnsplashTCAUITests" */ = {
			isa = XCConfigurationList;
			buildConfigurations = (
				89CEF4AC2AF386A100C38266 /* Debug */,
				89CEF4AD2AF386A100C38266 /* Release */,
			);
			defaultConfigurationIsVisible = 0;
			defaultConfigurationName = Release;
		};
/* End XCConfigurationList section */

/* Begin XCRemoteSwiftPackageReference section */
		89CEF4AE2AF3931B00C38266 /* XCRemoteSwiftPackageReference "swift-composable-architecture" */ = {
			isa = XCRemoteSwiftPackageReference;
			repositoryURL = "https://github.com/pointfreeco/swift-composable-architecture";
			requirement = {
				kind = upToNextMajorVersion;
				minimumVersion = 1.3.0;
			};
		};
/* End XCRemoteSwiftPackageReference section */

/* Begin XCSwiftPackageProductDependency section */
		89CEF4AF2AF3931B00C38266 /* ComposableArchitecture */ = {
			isa = XCSwiftPackageProductDependency;
			package = 89CEF4AE2AF3931B00C38266 /* XCRemoteSwiftPackageReference "swift-composable-architecture" */;
			productName = ComposableArchitecture;
		};
/* End XCSwiftPackageProductDependency section */
	};
	rootObject = 89CEF4792AF3869F00C38266 /* Project object */;
}
